
Microsoft Visual Studio Solution File, Format Version 12.00
Project("{FAE04EC0-301F-11D3-BF4B-00C04F79EFBC}") = "BlazorElectronics.Server", "Server\BlazorElectronics.Server.csproj", "{6370A03E-B1C0-4C72-AF2C-844E0BF941B4}"
EndProject
Project("{FAE04EC0-301F-11D3-BF4B-00C04F79EFBC}") = "BlazorElectronics.Client", "Client\BlazorElectronics.Client.csproj", "{F2AAC004-75A8-4D84-82EF-4C7D22EF73D9}"
EndProject
Project("{FAE04EC0-301F-11D3-BF4B-00C04F79EFBC}") = "BlazorElectronics.Shared", "Shared\BlazorElectronics.Shared.csproj", "{AE8C20C8-A05E-4AB2-9F59-D95D676FDA1E}"
EndProject
Global
	GlobalSection(SolutionConfigurationPlatforms) = preSolution
		Debug|Any CPU = Debug|Any CPU
		Release|Any CPU = Release|Any CPU
	EndGlobalSection
	GlobalSection(ProjectConfigurationPlatforms) = postSolution
		{6370A03E-B1C0-4C72-AF2C-844E0BF941B4}.Debug|Any CPU.ActiveCfg = Debug|Any CPU
		{6370A03E-B1C0-4C72-AF2C-844E0BF941B4}.Debug|Any CPU.Build.0 = Debug|Any CPU
		{6370A03E-B1C0-4C72-AF2C-844E0BF941B4}.Release|Any CPU.ActiveCfg = Release|Any CPU
		{6370A03E-B1C0-4C72-AF2C-844E0BF941B4}.Release|Any CPU.Build.0 = Release|Any CPU
		{F2AAC004-75A8-4D84-82EF-4C7D22EF73D9}.Debug|Any CPU.ActiveCfg = Debug|Any CPU
		{F2AAC004-75A8-4D84-82EF-4C7D22EF73D9}.Debug|Any CPU.Build.0 = Debug|Any CPU
		{F2AAC004-75A8-4D84-82EF-4C7D22EF73D9}.Release|Any CPU.ActiveCfg = Release|Any CPU
		{F2AAC004-75A8-4D84-82EF-4C7D22EF73D9}.Release|Any CPU.Build.0 = Release|Any CPU
		{AE8C20C8-A05E-4AB2-9F59-D95D676FDA1E}.Debug|Any CPU.ActiveCfg = Debug|Any CPU
		{AE8C20C8-A05E-4AB2-9F59-D95D676FDA1E}.Debug|Any CPU.Build.0 = Debug|Any CPU
		{AE8C20C8-A05E-4AB2-9F59-D95D676FDA1E}.Release|Any CPU.ActiveCfg = Release|Any CPU
		{AE8C20C8-A05E-4AB2-9F59-D95D676FDA1E}.Release|Any CPU.Build.0 = Release|Any CPU
	EndGlobalSection
EndGlobal
